
Microsoft Visual Studio Solution File, Format Version 12.00
Project("{FAE04EC0-301F-11D3-BF4B-00C04F79EFBC}") = "MvcCrud", "MvcCrud.csproj", "{CD552DA9-B0C0-4ACE-8521-B5087AA47E8D}"
EndProject
Global
	GlobalSection(SolutionConfigurationPlatforms) = preSolution
		Debug|Any CPU = Debug|Any CPU
		Release|Any CPU = Release|Any CPU
	EndGlobalSection
	GlobalSection(ProjectConfigurationPlatforms) = postSolution
		{CD552DA9-B0C0-4ACE-8521-B5087AA47E8D}.Debug|Any CPU.ActiveCfg = Debug|Any CPU
		{CD552DA9-B0C0-4ACE-8521-B5087AA47E8D}.Debug|Any CPU.Build.0 = Debug|Any CPU
		{CD552DA9-B0C0-4ACE-8521-B5087AA47E8D}.Release|Any CPU.ActiveCfg = Release|Any CPU
		{CD552DA9-B0C0-4ACE-8521-B5087AA47E8D}.Release|Any CPU.Build.0 = Release|Any CPU
	EndGlobalSection
EndGlobal
